// !$*UTF8*$!
{
	archiveVersion = 1;
	classes = {
	};
	objectVersion = 46;
	objects = {

/* Begin PBXBuildFile section */
		23EC0F021A2B51CC00C0D3D3 /* main.m in Sources */ = {isa = PBXBuildFile; fileRef = 23EC0F011A2B51CC00C0D3D3 /* main.m */; };
		23EC0F051A2B51CC00C0D3D3 /* AppDelegate.m in Sources */ = {isa = PBXBuildFile; fileRef = 23EC0F041A2B51CC00C0D3D3 /* AppDelegate.m */; };
		23EC0F0B1A2B51CC00C0D3D3 /* Main.storyboard in Resources */ = {isa = PBXBuildFile; fileRef = 23EC0F091A2B51CC00C0D3D3 /* Main.storyboard */; };
		23EC0F0D1A2B51CC00C0D3D3 /* Images.xcassets in Resources */ = {isa = PBXBuildFile; fileRef = 23EC0F0C1A2B51CC00C0D3D3 /* Images.xcassets */; };
		23EC0F101A2B51CC00C0D3D3 /* LaunchScreen.xib in Resources */ = {isa = PBXBuildFile; fileRef = 23EC0F0E1A2B51CC00C0D3D3 /* LaunchScreen.xib */; };
		23EC0F1C1A2B51CC00C0D3D3 /* __SD_Home_Control_SimulatorTests.m in Sources */ = {isa = PBXBuildFile; fileRef = 23EC0F1B1A2B51CC00C0D3D3 /* __SD_Home_Control_SimulatorTests.m */; };
		23EC0F271A2B59A300C0D3D3 /* SimulatorViewController.m in Sources */ = {isa = PBXBuildFile; fileRef = 23EC0F261A2B59A300C0D3D3 /* SimulatorViewController.m */; };
		23EC0F2C1A2B615600C0D3D3 /* Sensor.m in Sources */ = {isa = PBXBuildFile; fileRef = 23EC0F291A2B615600C0D3D3 /* Sensor.m */; };
		23EC0F2D1A2B615600C0D3D3 /* ToggleSensor.m in Sources */ = {isa = PBXBuildFile; fileRef = 23EC0F2B1A2B615600C0D3D3 /* ToggleSensor.m */; };
/* End PBXBuildFile section */

/* Begin PBXContainerItemProxy section */
		23EC0F161A2B51CC00C0D3D3 /* PBXContainerItemProxy */ = {
			isa = PBXContainerItemProxy;
			containerPortal = 23EC0EF41A2B51CC00C0D3D3 /* Project object */;
			proxyType = 1;
			remoteGlobalIDString = 23EC0EFB1A2B51CC00C0D3D3;
			remoteInfo = 2.SD.Home.Control.Simulator;
		};
/* End PBXContainerItemProxy section */

/* Begin PBXFileReference section */
		23EC0EFC1A2B51CC00C0D3D3 /* 2.SD.Home.Control.Simulator.app */ = {isa = PBXFileReference; explicitFileType = wrapper.application; includeInIndex = 0; path = 2.SD.Home.Control.Simulator.app; sourceTree = BUILT_PRODUCTS_DIR; };
		23EC0F001A2B51CC00C0D3D3 /* Info.plist */ = {isa = PBXFileReference; lastKnownFileType = text.plist.xml; path = Info.plist; sourceTree = "<group>"; };
		23EC0F011A2B51CC00C0D3D3 /* main.m */ = {isa = PBXFileReference; lastKnownFileType = sourcecode.c.objc; path = main.m; sourceTree = "<group>"; };
		23EC0F031A2B51CC00C0D3D3 /* AppDelegate.h */ = {isa = PBXFileReference; lastKnownFileType = sourcecode.c.h; path = AppDelegate.h; sourceTree = "<group>"; };
		23EC0F041A2B51CC00C0D3D3 /* AppDelegate.m */ = {isa = PBXFileReference; lastKnownFileType = sourcecode.c.objc; path = AppDelegate.m; sourceTree = "<group>"; };
		23EC0F0A1A2B51CC00C0D3D3 /* Base */ = {isa = PBXFileReference; lastKnownFileType = file.storyboard; name = Base; path = Base.lproj/Main.storyboard; sourceTree = "<group>"; };
		23EC0F0C1A2B51CC00C0D3D3 /* Images.xcassets */ = {isa = PBXFileReference; lastKnownFileType = folder.assetcatalog; path = Images.xcassets; sourceTree = "<group>"; };
		23EC0F0F1A2B51CC00C0D3D3 /* Base */ = {isa = PBXFileReference; lastKnownFileType = file.xib; name = Base; path = Base.lproj/LaunchScreen.xib; sourceTree = "<group>"; };
		23EC0F151A2B51CC00C0D3D3 /* 2.SD.Home.Control.SimulatorTests.xctest */ = {isa = PBXFileReference; explicitFileType = wrapper.cfbundle; includeInIndex = 0; path = 2.SD.Home.Control.SimulatorTests.xctest; sourceTree = BUILT_PRODUCTS_DIR; };
		23EC0F1A1A2B51CC00C0D3D3 /* Info.plist */ = {isa = PBXFileReference; lastKnownFileType = text.plist.xml; path = Info.plist; sourceTree = "<group>"; };
		23EC0F1B1A2B51CC00C0D3D3 /* __SD_Home_Control_SimulatorTests.m */ = {isa = PBXFileReference; lastKnownFileType = sourcecode.c.objc; path = __SD_Home_Control_SimulatorTests.m; sourceTree = "<group>"; };
		23EC0F251A2B524400C0D3D3 /* SimulatorViewController.h */ = {isa = PBXFileReference; lastKnownFileType = sourcecode.c.h; path = SimulatorViewController.h; sourceTree = "<group>"; };
		23EC0F261A2B59A300C0D3D3 /* SimulatorViewController.m */ = {isa = PBXFileReference; fileEncoding = 4; lastKnownFileType = sourcecode.c.objc; path = SimulatorViewController.m; sourceTree = "<group>"; };
		23EC0F281A2B615600C0D3D3 /* Sensor.h */ = {isa = PBXFileReference; fileEncoding = 4; lastKnownFileType = sourcecode.c.h; path = Sensor.h; sourceTree = "<group>"; };
		23EC0F291A2B615600C0D3D3 /* Sensor.m */ = {isa = PBXFileReference; fileEncoding = 4; lastKnownFileType = sourcecode.c.objc; path = Sensor.m; sourceTree = "<group>"; };
		23EC0F2A1A2B615600C0D3D3 /* ToggleSensor.h */ = {isa = PBXFileReference; fileEncoding = 4; lastKnownFileType = sourcecode.c.h; path = ToggleSensor.h; sourceTree = "<group>"; };
		23EC0F2B1A2B615600C0D3D3 /* ToggleSensor.m */ = {isa = PBXFileReference; fileEncoding = 4; lastKnownFileType = sourcecode.c.objc; path = ToggleSensor.m; sourceTree = "<group>"; };
/* End PBXFileReference section */

/* Begin PBXFrameworksBuildPhase section */
		23EC0EF91A2B51CC00C0D3D3 /* Frameworks */ = {
			isa = PBXFrameworksBuildPhase;
			buildActionMask = 2147483647;
			files = (
			);
			runOnlyForDeploymentPostprocessing = 0;
		};
		23EC0F121A2B51CC00C0D3D3 /* Frameworks */ = {
			isa = PBXFrameworksBuildPhase;
			buildActionMask = 2147483647;
			files = (
			);
			runOnlyForDeploymentPostprocessing = 0;
		};
/* End PBXFrameworksBuildPhase section */

/* Begin PBXGroup section */
		23EC0EF31A2B51CC00C0D3D3 = {
			isa = PBXGroup;
			children = (
				23EC0EFE1A2B51CC00C0D3D3 /* 2.SD.Home.Control.Simulator */,
				23EC0F181A2B51CC00C0D3D3 /* 2.SD.Home.Control.SimulatorTests */,
				23EC0EFD1A2B51CC00C0D3D3 /* Products */,
			);
			sourceTree = "<group>";
		};
		23EC0EFD1A2B51CC00C0D3D3 /* Products */ = {
			isa = PBXGroup;
			children = (
				23EC0EFC1A2B51CC00C0D3D3 /* 2.SD.Home.Control.Simulator.app */,
				23EC0F151A2B51CC00C0D3D3 /* 2.SD.Home.Control.SimulatorTests.xctest */,
			);
			name = Products;
			sourceTree = "<group>";
		};
		23EC0EFE1A2B51CC00C0D3D3 /* 2.SD.Home.Control.Simulator */ = {
			isa = PBXGroup;
			children = (
				23EC0F251A2B524400C0D3D3 /* SimulatorViewController.h */,
				23EC0F261A2B59A300C0D3D3 /* SimulatorViewController.m */,
				23EC0F031A2B51CC00C0D3D3 /* AppDelegate.h */,
				23EC0F041A2B51CC00C0D3D3 /* AppDelegate.m */,
				23EC0F091A2B51CC00C0D3D3 /* Main.storyboard */,
				23EC0F281A2B615600C0D3D3 /* Sensor.h */,
				23EC0F291A2B615600C0D3D3 /* Sensor.m */,
				23EC0F2A1A2B615600C0D3D3 /* ToggleSensor.h */,
				23EC0F2B1A2B615600C0D3D3 /* ToggleSensor.m */,
				23EC0F0C1A2B51CC00C0D3D3 /* Images.xcassets */,
				23EC0F0E1A2B51CC00C0D3D3 /* LaunchScreen.xib */,
				23EC0EFF1A2B51CC00C0D3D3 /* Supporting Files */,
			);
			path = 2.SD.Home.Control.Simulator;
			sourceTree = "<group>";
		};
		23EC0EFF1A2B51CC00C0D3D3 /* Supporting Files */ = {
			isa = PBXGroup;
			children = (
				23EC0F001A2B51CC00C0D3D3 /* Info.plist */,
				23EC0F011A2B51CC00C0D3D3 /* main.m */,
			);
			name = "Supporting Files";
			sourceTree = "<group>";
		};
		23EC0F181A2B51CC00C0D3D3 /* 2.SD.Home.Control.SimulatorTests */ = {
			isa = PBXGroup;
			children = (
				23EC0F1B1A2B51CC00C0D3D3 /* __SD_Home_Control_SimulatorTests.m */,
				23EC0F191A2B51CC00C0D3D3 /* Supporting Files */,
			);
			path = 2.SD.Home.Control.SimulatorTests;
			sourceTree = "<group>";
		};
		23EC0F191A2B51CC00C0D3D3 /* Supporting Files */ = {
			isa = PBXGroup;
			children = (
				23EC0F1A1A2B51CC00C0D3D3 /* Info.plist */,
			);
			name = "Supporting Files";
			sourceTree = "<group>";
		};
/* End PBXGroup section */

/* Begin PBXNativeTarget section */
		23EC0EFB1A2B51CC00C0D3D3 /* 2.SD.Home.Control.Simulator */ = {
			isa = PBXNativeTarget;
			buildConfigurationList = 23EC0F1F1A2B51CC00C0D3D3 /* Build configuration list for PBXNativeTarget "2.SD.Home.Control.Simulator" */;
			buildPhases = (
				23EC0EF81A2B51CC00C0D3D3 /* Sources */,
				23EC0EF91A2B51CC00C0D3D3 /* Frameworks */,
				23EC0EFA1A2B51CC00C0D3D3 /* Resources */,
			);
			buildRules = (
			);
			dependencies = (
			);
			name = 2.SD.Home.Control.Simulator;
			productName = 2.SD.Home.Control.Simulator;
			productReference = 23EC0EFC1A2B51CC00C0D3D3 /* 2.SD.Home.Control.Simulator.app */;
			productType = "com.apple.product-type.application";
		};
		23EC0F141A2B51CC00C0D3D3 /* 2.SD.Home.Control.SimulatorTests */ = {
			isa = PBXNativeTarget;
			buildConfigurationList = 23EC0F221A2B51CC00C0D3D3 /* Build configuration list for PBXNativeTarget "2.SD.Home.Control.SimulatorTests" */;
			buildPhases = (
				23EC0F111A2B51CC00C0D3D3 /* Sources */,
				23EC0F121A2B51CC00C0D3D3 /* Frameworks */,
				23EC0F131A2B51CC00C0D3D3 /* Resources */,
			);
			buildRules = (
			);
			dependencies = (
				23EC0F171A2B51CC00C0D3D3 /* PBXTargetDependency */,
			);
			name = 2.SD.Home.Control.SimulatorTests;
			productName = 2.SD.Home.Control.SimulatorTests;
			productReference = 23EC0F151A2B51CC00C0D3D3 /* 2.SD.Home.Control.SimulatorTests.xctest */;
			productType = "com.apple.product-type.bundle.unit-test";
		};
/* End PBXNativeTarget section */

/* Begin PBXProject section */
		23EC0EF41A2B51CC00C0D3D3 /* Project object */ = {
			isa = PBXProject;
			attributes = {
				LastUpgradeCheck = 0610;
				ORGANIZATIONNAME = "Thunder Ducklings";
				TargetAttributes = {
					23EC0EFB1A2B51CC00C0D3D3 = {
						CreatedOnToolsVersion = 6.1;
					};
					23EC0F141A2B51CC00C0D3D3 = {
						CreatedOnToolsVersion = 6.1;
						TestTargetID = 23EC0EFB1A2B51CC00C0D3D3;
					};
				};
			};
			buildConfigurationList = 23EC0EF71A2B51CC00C0D3D3 /* Build configuration list for PBXProject "2.SD.Home.Control.Simulator" */;
			compatibilityVersion = "Xcode 3.2";
			developmentRegion = English;
			hasScannedForEncodings = 0;
			knownRegions = (
				en,
				Base,
			);
			mainGroup = 23EC0EF31A2B51CC00C0D3D3;
			productRefGroup = 23EC0EFD1A2B51CC00C0D3D3 /* Products */;
			projectDirPath = "";
			projectRoot = "";
			targets = (
				23EC0EFB1A2B51CC00C0D3D3 /* 2.SD.Home.Control.Simulator */,
				23EC0F141A2B51CC00C0D3D3 /* 2.SD.Home.Control.SimulatorTests */,
			);
		};
/* End PBXProject section */

/* Begin PBXResourcesBuildPhase section */
		23EC0EFA1A2B51CC00C0D3D3 /* Resources */ = {
			isa = PBXResourcesBuildPhase;
			buildActionMask = 2147483647;
			files = (
				23EC0F0B1A2B51CC00C0D3D3 /* Main.storyboard in Resources */,
				23EC0F101A2B51CC00C0D3D3 /* LaunchScreen.xib in Resources */,
				23EC0F0D1A2B51CC00C0D3D3 /* Images.xcassets in Resources */,
			);
			runOnlyForDeploymentPostprocessing = 0;
		};
		23EC0F131A2B51CC00C0D3D3 /* Resources */ = {
			isa = PBXResourcesBuildPhase;
			buildActionMask = 2147483647;
			files = (
			);
			runOnlyForDeploymentPostprocessing = 0;
		};
/* End PBXResourcesBuildPhase section */

/* Begin PBXSourcesBuildPhase section */
		23EC0EF81A2B51CC00C0D3D3 /* Sources */ = {
			isa = PBXSourcesBuildPhase;
			buildActionMask = 2147483647;
			files = (
				23EC0F051A2B51CC00C0D3D3 /* AppDelegate.m in Sources */,
				23EC0F2C1A2B615600C0D3D3 /* Sensor.m in Sources */,
				23EC0F2D1A2B615600C0D3D3 /* ToggleSensor.m in Sources */,
				23EC0F021A2B51CC00C0D3D3 /* main.m in Sources */,
				23EC0F271A2B59A300C0D3D3 /* SimulatorViewController.m in Sources */,
			);
			runOnlyForDeploymentPostprocessing = 0;
		};
		23EC0F111A2B51CC00C0D3D3 /* Sources */ = {
			isa = PBXSourcesBuildPhase;
			buildActionMask = 2147483647;
			files = (
				23EC0F1C1A2B51CC00C0D3D3 /* __SD_Home_Control_SimulatorTests.m in Sources */,
			);
			runOnlyForDeploymentPostprocessing = 0;
		};
/* End PBXSourcesBuildPhase section */

/* Begin PBXTargetDependency section */
		23EC0F171A2B51CC00C0D3D3 /* PBXTargetDependency */ = {
			isa = PBXTargetDependency;
			target = 23EC0EFB1A2B51CC00C0D3D3 /* 2.SD.Home.Control.Simulator */;
			targetProxy = 23EC0F161A2B51CC00C0D3D3 /* PBXContainerItemProxy */;
		};
/* End PBXTargetDependency section */

/* Begin PBXVariantGroup section */
		23EC0F091A2B51CC00C0D3D3 /* Main.storyboard */ = {
			isa = PBXVariantGroup;
			children = (
				23EC0F0A1A2B51CC00C0D3D3 /* Base */,
			);
			name = Main.storyboard;
			sourceTree = "<group>";
		};
		23EC0F0E1A2B51CC00C0D3D3 /* LaunchScreen.xib */ = {
			isa = PBXVariantGroup;
			children = (
				23EC0F0F1A2B51CC00C0D3D3 /* Base */,
			);
			name = LaunchScreen.xib;
			sourceTree = "<group>";
		};
/* End PBXVariantGroup section */

/* Begin XCBuildConfiguration section */
		23EC0F1D1A2B51CC00C0D3D3 /* Debug */ = {
			isa = XCBuildConfiguration;
			buildSettings = {
				ALWAYS_SEARCH_USER_PATHS = NO;
				CLANG_CXX_LANGUAGE_STANDARD = "gnu++0x";
				CLANG_CXX_LIBRARY = "libc++";
				CLANG_ENABLE_MODULES = YES;
				CLANG_ENABLE_OBJC_ARC = YES;
				CLANG_WARN_BOOL_CONVERSION = YES;
				CLANG_WARN_CONSTANT_CONVERSION = YES;
				CLANG_WARN_DIRECT_OBJC_ISA_USAGE = YES_ERROR;
				CLANG_WARN_EMPTY_BODY = YES;
				CLANG_WARN_ENUM_CONVERSION = YES;
				CLANG_WARN_INT_CONVERSION = YES;
				CLANG_WARN_OBJC_ROOT_CLASS = YES_ERROR;
				CLANG_WARN_UNREACHABLE_CODE = YES;
				CLANG_WARN__DUPLICATE_METHOD_MATCH = YES;
				"CODE_SIGN_IDENTITY[sdk=iphoneos*]" = "iPhone Developer";
				COPY_PHASE_STRIP = NO;
				ENABLE_STRICT_OBJC_MSGSEND = YES;
				GCC_C_LANGUAGE_STANDARD = gnu99;
				GCC_DYNAMIC_NO_PIC = NO;
				GCC_OPTIMIZATION_LEVEL = 0;
				GCC_PREPROCESSOR_DEFINITIONS = (
					"DEBUG=1",
					"$(inherited)",
				);
				GCC_SYMBOLS_PRIVATE_EXTERN = NO;
				GCC_WARN_64_TO_32_BIT_CONVERSION = YES;
				GCC_WARN_ABOUT_RETURN_TYPE = YES_ERROR;
				GCC_WARN_UNDECLARED_SELECTOR = YES;
				GCC_WARN_UNINITIALIZED_AUTOS = YES_AGGRESSIVE;
				GCC_WARN_UNUSED_FUNCTION = YES;
				GCC_WARN_UNUSED_VARIABLE = YES;
				IPHONEOS_DEPLOYMENT_TARGET = 8.1;
				MTL_ENABLE_DEBUG_INFO = YES;
				ONLY_ACTIVE_ARCH = YES;
				SDKROOT = iphoneos;
				TARGETED_DEVICE_FAMILY = 2;
			};
			name = Debug;
		};
		23EC0F1E1A2B51CC00C0D3D3 /* Release */ = {
			isa = XCBuildConfiguration;
			buildSettings = {
				ALWAYS_SEARCH_USER_PATHS = NO;
				CLANG_CXX_LANGUAGE_STANDARD = "gnu++0x";
				CLANG_CXX_LIBRARY = "libc++";
				CLANG_ENABLE_MODULES = YES;
				CLANG_ENABLE_OBJC_ARC = YES;
				CLANG_WARN_BOOL_CONVERSION = YES;
				CLANG_WARN_CONSTANT_CONVERSION = YES;
				CLANG_WARN_DIRECT_OBJC_ISA_USAGE = YES_ERROR;
				CLANG_WARN_EMPTY_BODY = YES;
				CLANG_WARN_ENUM_CONVERSION = YES;
				CLANG_WARN_INT_CONVERSION = YES;
				CLANG_WARN_OBJC_ROOT_CLASS = YES_ERROR;
				CLANG_WARN_UNREACHABLE_CODE = YES;
				CLANG_WARN__DUPLICATE_METHOD_MATCH = YES;
				"CODE_SIGN_IDENTITY[sdk=iphoneos*]" = "iPhone Developer";
				COPY_PHASE_STRIP = YES;
				ENABLE_NS_ASSERTIONS = NO;
				ENABLE_STRICT_OBJC_MSGSEND = YES;
				GCC_C_LANGUAGE_STANDARD = gnu99;
				GCC_WARN_64_TO_32_BIT_CONVERSION = YES;
				GCC_WARN_ABOUT_RETURN_TYPE = YES_ERROR;
				GCC_WARN_UNDECLARED_SELECTOR = YES;
				GCC_WARN_UNINITIALIZED_AUTOS = YES_AGGRESSIVE;
				GCC_WARN_UNUSED_FUNCTION = YES;
				GCC_WARN_UNUSED_VARIABLE = YES;
				IPHONEOS_DEPLOYMENT_TARGET = 8.1;
				MTL_ENABLE_DEBUG_INFO = NO;
				SDKROOT = iphoneos;
				TARGETED_DEVICE_FAMILY = 2;
				VALIDATE_PRODUCT = YES;
			};
			name = Release;
		};
		23EC0F201A2B51CC00C0D3D3 /* Debug */ = {
			isa = XCBuildConfiguration;
			buildSettings = {
				ASSETCATALOG_COMPILER_APPICON_NAME = AppIcon;
				INFOPLIST_FILE = 2.SD.Home.Control.Simulator/Info.plist;
				LD_RUNPATH_SEARCH_PATHS = "$(inherited) @executable_path/Frameworks";
				PRODUCT_NAME = "$(TARGET_NAME)";
			};
			name = Debug;
		};
		23EC0F211A2B51CC00C0D3D3 /* Release */ = {
			isa = XCBuildConfiguration;
			buildSettings = {
				ASSETCATALOG_COMPILER_APPICON_NAME = AppIcon;
				INFOPLIST_FILE = 2.SD.Home.Control.Simulator/Info.plist;
				LD_RUNPATH_SEARCH_PATHS = "$(inherited) @executable_path/Frameworks";
				PRODUCT_NAME = "$(TARGET_NAME)";
			};
			name = Release;
		};
		23EC0F231A2B51CC00C0D3D3 /* Debug */ = {
			isa = XCBuildConfiguration;
			buildSettings = {
				BUNDLE_LOADER = "$(TEST_HOST)";
				FRAMEWORK_SEARCH_PATHS = (
					"$(SDKROOT)/Developer/Library/Frameworks",
					"$(inherited)",
				);
				GCC_PREPROCESSOR_DEFINITIONS = (
					"DEBUG=1",
					"$(inherited)",
				);
				INFOPLIST_FILE = 2.SD.Home.Control.SimulatorTests/Info.plist;
				LD_RUNPATH_SEARCH_PATHS = "$(inherited) @executable_path/Frameworks @loader_path/Frameworks";
				PRODUCT_NAME = "$(TARGET_NAME)";
				TEST_HOST = "$(BUILT_PRODUCTS_DIR)/2.SD.Home.Control.Simulator.app/2.SD.Home.Control.Simulator";
			};
			name = Debug;
		};
		23EC0F241A2B51CC00C0D3D3 /* Release */ = {
			isa = XCBuildConfiguration;
			buildSettings = {
				BUNDLE_LOADER = "$(TEST_HOST)";
				FRAMEWORK_SEARCH_PATHS = (
					"$(SDKROOT)/Developer/Library/Frameworks",
					"$(inherited)",
				);
				INFOPLIST_FILE = 2.SD.Home.Control.SimulatorTests/Info.plist;
				LD_RUNPATH_SEARCH_PATHS = "$(inherited) @executable_path/Frameworks @loader_path/Frameworks";
				PRODUCT_NAME = "$(TARGET_NAME)";
				TEST_HOST = "$(BUILT_PRODUCTS_DIR)/2.SD.Home.Control.Simulator.app/2.SD.Home.Control.Simulator";
			};
			name = Release;
		};
/* End XCBuildConfiguration section */

/* Begin XCConfigurationList section */
		23EC0EF71A2B51CC00C0D3D3 /* Build configuration list for PBXProject "2.SD.Home.Control.Simulator" */ = {
			isa = XCConfigurationList;
			buildConfigurations = (
				23EC0F1D1A2B51CC00C0D3D3 /* Debug */,
				23EC0F1E1A2B51CC00C0D3D3 /* Release */,
			);
			defaultConfigurationIsVisible = 0;
			defaultConfigurationName = Release;
		};
		23EC0F1F1A2B51CC00C0D3D3 /* Build configuration list for PBXNativeTarget "2.SD.Home.Control.Simulator" */ = {
			isa = XCConfigurationList;
			buildConfigurations = (
				23EC0F201A2B51CC00C0D3D3 /* Debug */,
				23EC0F211A2B51CC00C0D3D3 /* Release */,
			);
			defaultConfigurationIsVisible = 0;
		};
		23EC0F221A2B51CC00C0D3D3 /* Build configuration list for PBXNativeTarget "2.SD.Home.Control.SimulatorTests" */ = {
			isa = XCConfigurationList;
			buildConfigurations = (
				23EC0F231A2B51CC00C0D3D3 /* Debug */,
				23EC0F241A2B51CC00C0D3D3 /* Release */,
			);
			defaultConfigurationIsVisible = 0;
		};
/* End XCConfigurationList section */
	};
	rootObject = 23EC0EF41A2B51CC00C0D3D3 /* Project object */;
}
