// !$*UTF8*$!
{
	archiveVersion = 1;
	classes = {
	};
	objectVersion = 46;
	objects = {

/* Begin PBXBuildFile section */
		238C76DB1BAE58F900379DEE /* AppDelegate.swift in Sources */ = {isa = PBXBuildFile; fileRef = 238C76DA1BAE58F900379DEE /* AppDelegate.swift */; };
		238C76DD1BAE58F900379DEE /* ViewController.swift in Sources */ = {isa = PBXBuildFile; fileRef = 238C76DC1BAE58F900379DEE /* ViewController.swift */; };
		238C76E01BAE58F900379DEE /* Main.storyboard in Resources */ = {isa = PBXBuildFile; fileRef = 238C76DE1BAE58F900379DEE /* Main.storyboard */; };
		238C76E21BAE58F900379DEE /* Assets.xcassets in Resources */ = {isa = PBXBuildFile; fileRef = 238C76E11BAE58F900379DEE /* Assets.xcassets */; };
		238C76E51BAE58F900379DEE /* LaunchScreen.storyboard in Resources */ = {isa = PBXBuildFile; fileRef = 238C76E31BAE58F900379DEE /* LaunchScreen.storyboard */; };
		238C76F01BAE58F900379DEE /* Is_It_PrimeTests.swift in Sources */ = {isa = PBXBuildFile; fileRef = 238C76EF1BAE58F900379DEE /* Is_It_PrimeTests.swift */; };
		238C76FB1BAE58F900379DEE /* Is_It_PrimeUITests.swift in Sources */ = {isa = PBXBuildFile; fileRef = 238C76FA1BAE58F900379DEE /* Is_It_PrimeUITests.swift */; };
/* End PBXBuildFile section */

/* Begin PBXContainerItemProxy section */
		238C76EC1BAE58F900379DEE /* PBXContainerItemProxy */ = {
			isa = PBXContainerItemProxy;
			containerPortal = 238C76CF1BAE58F900379DEE /* Project object */;
			proxyType = 1;
			remoteGlobalIDString = 238C76D61BAE58F900379DEE;
			remoteInfo = "Is It Prime";
		};
		238C76F71BAE58F900379DEE /* PBXContainerItemProxy */ = {
			isa = PBXContainerItemProxy;
			containerPortal = 238C76CF1BAE58F900379DEE /* Project object */;
			proxyType = 1;
			remoteGlobalIDString = 238C76D61BAE58F900379DEE;
			remoteInfo = "Is It Prime";
		};
/* End PBXContainerItemProxy section */

/* Begin PBXFileReference section */
		238C76D71BAE58F900379DEE /* Is It Prime.app */ = {isa = PBXFileReference; explicitFileType = wrapper.application; includeInIndex = 0; path = "Is It Prime.app"; sourceTree = BUILT_PRODUCTS_DIR; };
		238C76DA1BAE58F900379DEE /* AppDelegate.swift */ = {isa = PBXFileReference; lastKnownFileType = sourcecode.swift; path = AppDelegate.swift; sourceTree = "<group>"; };
		238C76DC1BAE58F900379DEE /* ViewController.swift */ = {isa = PBXFileReference; lastKnownFileType = sourcecode.swift; path = ViewController.swift; sourceTree = "<group>"; };
		238C76DF1BAE58F900379DEE /* Base */ = {isa = PBXFileReference; lastKnownFileType = file.storyboard; name = Base; path = Base.lproj/Main.storyboard; sourceTree = "<group>"; };
		238C76E11BAE58F900379DEE /* Assets.xcassets */ = {isa = PBXFileReference; lastKnownFileType = folder.assetcatalog; path = Assets.xcassets; sourceTree = "<group>"; };
		238C76E41BAE58F900379DEE /* Base */ = {isa = PBXFileReference; lastKnownFileType = file.storyboard; name = Base; path = Base.lproj/LaunchScreen.storyboard; sourceTree = "<group>"; };
		238C76E61BAE58F900379DEE /* Info.plist */ = {isa = PBXFileReference; lastKnownFileType = text.plist.xml; path = Info.plist; sourceTree = "<group>"; };
		238C76EB1BAE58F900379DEE /* Is It PrimeTests.xctest */ = {isa = PBXFileReference; explicitFileType = wrapper.cfbundle; includeInIndex = 0; path = "Is It PrimeTests.xctest"; sourceTree = BUILT_PRODUCTS_DIR; };
		238C76EF1BAE58F900379DEE /* Is_It_PrimeTests.swift */ = {isa = PBXFileReference; lastKnownFileType = sourcecode.swift; path = Is_It_PrimeTests.swift; sourceTree = "<group>"; };
		238C76F11BAE58F900379DEE /* Info.plist */ = {isa = PBXFileReference; lastKnownFileType = text.plist.xml; path = Info.plist; sourceTree = "<group>"; };
		238C76F61BAE58F900379DEE /* Is It PrimeUITests.xctest */ = {isa = PBXFileReference; explicitFileType = wrapper.cfbundle; includeInIndex = 0; path = "Is It PrimeUITests.xctest"; sourceTree = BUILT_PRODUCTS_DIR; };
		238C76FA1BAE58F900379DEE /* Is_It_PrimeUITests.swift */ = {isa = PBXFileReference; lastKnownFileType = sourcecode.swift; path = Is_It_PrimeUITests.swift; sourceTree = "<group>"; };
		238C76FC1BAE58F900379DEE /* Info.plist */ = {isa = PBXFileReference; lastKnownFileType = text.plist.xml; path = Info.plist; sourceTree = "<group>"; };
/* End PBXFileReference section */

/* Begin PBXFrameworksBuildPhase section */
		238C76D41BAE58F900379DEE /* Frameworks */ = {
			isa = PBXFrameworksBuildPhase;
			buildActionMask = 2147483647;
			files = (
			);
			runOnlyForDeploymentPostprocessing = 0;
		};
		238C76E81BAE58F900379DEE /* Frameworks */ = {
			isa = PBXFrameworksBuildPhase;
			buildActionMask = 2147483647;
			files = (
			);
			runOnlyForDeploymentPostprocessing = 0;
		};
		238C76F31BAE58F900379DEE /* Frameworks */ = {
			isa = PBXFrameworksBuildPhase;
			buildActionMask = 2147483647;
			files = (
			);
			runOnlyForDeploymentPostprocessing = 0;
		};
/* End PBXFrameworksBuildPhase section */

/* Begin PBXGroup section */
		238C76CE1BAE58F900379DEE = {
			isa = PBXGroup;
			children = (
				238C76D91BAE58F900379DEE /* Is It Prime */,
				238C76EE1BAE58F900379DEE /* Is It PrimeTests */,
				238C76F91BAE58F900379DEE /* Is It PrimeUITests */,
				238C76D81BAE58F900379DEE /* Products */,
			);
			sourceTree = "<group>";
		};
		238C76D81BAE58F900379DEE /* Products */ = {
			isa = PBXGroup;
			children = (
				238C76D71BAE58F900379DEE /* Is It Prime.app */,
				238C76EB1BAE58F900379DEE /* Is It PrimeTests.xctest */,
				238C76F61BAE58F900379DEE /* Is It PrimeUITests.xctest */,
			);
			name = Products;
			sourceTree = "<group>";
		};
		238C76D91BAE58F900379DEE /* Is It Prime */ = {
			isa = PBXGroup;
			children = (
				238C76DA1BAE58F900379DEE /* AppDelegate.swift */,
				238C76DC1BAE58F900379DEE /* ViewController.swift */,
				238C76DE1BAE58F900379DEE /* Main.storyboard */,
				238C76E11BAE58F900379DEE /* Assets.xcassets */,
				238C76E31BAE58F900379DEE /* LaunchScreen.storyboard */,
				238C76E61BAE58F900379DEE /* Info.plist */,
			);
			path = "Is It Prime";
			sourceTree = "<group>";
		};
		238C76EE1BAE58F900379DEE /* Is It PrimeTests */ = {
			isa = PBXGroup;
			children = (
				238C76EF1BAE58F900379DEE /* Is_It_PrimeTests.swift */,
				238C76F11BAE58F900379DEE /* Info.plist */,
			);
			path = "Is It PrimeTests";
			sourceTree = "<group>";
		};
		238C76F91BAE58F900379DEE /* Is It PrimeUITests */ = {
			isa = PBXGroup;
			children = (
				238C76FA1BAE58F900379DEE /* Is_It_PrimeUITests.swift */,
				238C76FC1BAE58F900379DEE /* Info.plist */,
			);
			path = "Is It PrimeUITests";
			sourceTree = "<group>";
		};
/* End PBXGroup section */

/* Begin PBXNativeTarget section */
		238C76D61BAE58F900379DEE /* Is It Prime */ = {
			isa = PBXNativeTarget;
			buildConfigurationList = 238C76FF1BAE58F900379DEE /* Build configuration list for PBXNativeTarget "Is It Prime" */;
			buildPhases = (
				238C76D31BAE58F900379DEE /* Sources */,
				238C76D41BAE58F900379DEE /* Frameworks */,
				238C76D51BAE58F900379DEE /* Resources */,
			);
			buildRules = (
			);
			dependencies = (
			);
			name = "Is It Prime";
			productName = "Is It Prime";
			productReference = 238C76D71BAE58F900379DEE /* Is It Prime.app */;
			productType = "com.apple.product-type.application";
		};
		238C76EA1BAE58F900379DEE /* Is It PrimeTests */ = {
			isa = PBXNativeTarget;
			buildConfigurationList = 238C77021BAE58F900379DEE /* Build configuration list for PBXNativeTarget "Is It PrimeTests" */;
			buildPhases = (
				238C76E71BAE58F900379DEE /* Sources */,
				238C76E81BAE58F900379DEE /* Frameworks */,
				238C76E91BAE58F900379DEE /* Resources */,
			);
			buildRules = (
			);
			dependencies = (
				238C76ED1BAE58F900379DEE /* PBXTargetDependency */,
			);
			name = "Is It PrimeTests";
			productName = "Is It PrimeTests";
			productReference = 238C76EB1BAE58F900379DEE /* Is It PrimeTests.xctest */;
			productType = "com.apple.product-type.bundle.unit-test";
		};
		238C76F51BAE58F900379DEE /* Is It PrimeUITests */ = {
			isa = PBXNativeTarget;
			buildConfigurationList = 238C77051BAE58F900379DEE /* Build configuration list for PBXNativeTarget "Is It PrimeUITests" */;
			buildPhases = (
				238C76F21BAE58F900379DEE /* Sources */,
				238C76F31BAE58F900379DEE /* Frameworks */,
				238C76F41BAE58F900379DEE /* Resources */,
			);
			buildRules = (
			);
			dependencies = (
				238C76F81BAE58F900379DEE /* PBXTargetDependency */,
			);
			name = "Is It PrimeUITests";
			productName = "Is It PrimeUITests";
			productReference = 238C76F61BAE58F900379DEE /* Is It PrimeUITests.xctest */;
			productType = "com.apple.product-type.bundle.ui-testing";
		};
/* End PBXNativeTarget section */

/* Begin PBXProject section */
		238C76CF1BAE58F900379DEE /* Project object */ = {
			isa = PBXProject;
			attributes = {
				LastUpgradeCheck = 0700;
				ORGANIZATIONNAME = "Jake Dawkins";
				TargetAttributes = {
					238C76D61BAE58F900379DEE = {
						CreatedOnToolsVersion = 7.0;
						DevelopmentTeam = 5DFX4678GX;
					};
					238C76EA1BAE58F900379DEE = {
						CreatedOnToolsVersion = 7.0;
						DevelopmentTeam = 5DFX4678GX;
						TestTargetID = 238C76D61BAE58F900379DEE;
					};
					238C76F51BAE58F900379DEE = {
						CreatedOnToolsVersion = 7.0;
						DevelopmentTeam = 5DFX4678GX;
						TestTargetID = 238C76D61BAE58F900379DEE;
					};
				};
			};
			buildConfigurationList = 238C76D21BAE58F900379DEE /* Build configuration list for PBXProject "Is It Prime" */;
			compatibilityVersion = "Xcode 3.2";
			developmentRegion = English;
			hasScannedForEncodings = 0;
			knownRegions = (
				en,
				Base,
			);
			mainGroup = 238C76CE1BAE58F900379DEE;
			productRefGroup = 238C76D81BAE58F900379DEE /* Products */;
			projectDirPath = "";
			projectRoot = "";
			targets = (
				238C76D61BAE58F900379DEE /* Is It Prime */,
				238C76EA1BAE58F900379DEE /* Is It PrimeTests */,
				238C76F51BAE58F900379DEE /* Is It PrimeUITests */,
			);
		};
/* End PBXProject section */

/* Begin PBXResourcesBuildPhase section */
		238C76D51BAE58F900379DEE /* Resources */ = {
			isa = PBXResourcesBuildPhase;
			buildActionMask = 2147483647;
			files = (
				238C76E51BAE58F900379DEE /* LaunchScreen.storyboard in Resources */,
				238C76E21BAE58F900379DEE /* Assets.xcassets in Resources */,
				238C76E01BAE58F900379DEE /* Main.storyboard in Resources */,
			);
			runOnlyForDeploymentPostprocessing = 0;
		};
		238C76E91BAE58F900379DEE /* Resources */ = {
			isa = PBXResourcesBuildPhase;
			buildActionMask = 2147483647;
			files = (
			);
			runOnlyForDeploymentPostprocessing = 0;
		};
		238C76F41BAE58F900379DEE /* Resources */ = {
			isa = PBXResourcesBuildPhase;
			buildActionMask = 2147483647;
			files = (
			);
			runOnlyForDeploymentPostprocessing = 0;
		};
/* End PBXResourcesBuildPhase section */

/* Begin PBXSourcesBuildPhase section */
		238C76D31BAE58F900379DEE /* Sources */ = {
			isa = PBXSourcesBuildPhase;
			buildActionMask = 2147483647;
			files = (
				238C76DD1BAE58F900379DEE /* ViewController.swift in Sources */,
				238C76DB1BAE58F900379DEE /* AppDelegate.swift in Sources */,
			);
			runOnlyForDeploymentPostprocessing = 0;
		};
		238C76E71BAE58F900379DEE /* Sources */ = {
			isa = PBXSourcesBuildPhase;
			buildActionMask = 2147483647;
			files = (
				238C76F01BAE58F900379DEE /* Is_It_PrimeTests.swift in Sources */,
			);
			runOnlyForDeploymentPostprocessing = 0;
		};
		238C76F21BAE58F900379DEE /* Sources */ = {
			isa = PBXSourcesBuildPhase;
			buildActionMask = 2147483647;
			files = (
				238C76FB1BAE58F900379DEE /* Is_It_PrimeUITests.swift in Sources */,
			);
			runOnlyForDeploymentPostprocessing = 0;
		};
/* End PBXSourcesBuildPhase section */

/* Begin PBXTargetDependency section */
		238C76ED1BAE58F900379DEE /* PBXTargetDependency */ = {
			isa = PBXTargetDependency;
			target = 238C76D61BAE58F900379DEE /* Is It Prime */;
			targetProxy = 238C76EC1BAE58F900379DEE /* PBXContainerItemProxy */;
		};
		238C76F81BAE58F900379DEE /* PBXTargetDependency */ = {
			isa = PBXTargetDependency;
			target = 238C76D61BAE58F900379DEE /* Is It Prime */;
			targetProxy = 238C76F71BAE58F900379DEE /* PBXContainerItemProxy */;
		};
/* End PBXTargetDependency section */

/* Begin PBXVariantGroup section */
		238C76DE1BAE58F900379DEE /* Main.storyboard */ = {
			isa = PBXVariantGroup;
			children = (
				238C76DF1BAE58F900379DEE /* Base */,
			);
			name = Main.storyboard;
			sourceTree = "<group>";
		};
		238C76E31BAE58F900379DEE /* LaunchScreen.storyboard */ = {
			isa = PBXVariantGroup;
			children = (
				238C76E41BAE58F900379DEE /* Base */,
			);
			name = LaunchScreen.storyboard;
			sourceTree = "<group>";
		};
/* End PBXVariantGroup section */

/* Begin XCBuildConfiguration section */
		238C76FD1BAE58F900379DEE /* Debug */ = {
			isa = XCBuildConfiguration;
			buildSettings = {
				ALWAYS_SEARCH_USER_PATHS = NO;
				CLANG_CXX_LANGUAGE_STANDARD = "gnu++0x";
				CLANG_CXX_LIBRARY = "libc++";
				CLANG_ENABLE_MODULES = YES;
				CLANG_ENABLE_OBJC_ARC = YES;
				CLANG_WARN_BOOL_CONVERSION = YES;
				CLANG_WARN_CONSTANT_CONVERSION = YES;
				CLANG_WARN_DIRECT_OBJC_ISA_USAGE = YES_ERROR;
				CLANG_WARN_EMPTY_BODY = YES;
				CLANG_WARN_ENUM_CONVERSION = YES;
				CLANG_WARN_INT_CONVERSION = YES;
				CLANG_WARN_OBJC_ROOT_CLASS = YES_ERROR;
				CLANG_WARN_UNREACHABLE_CODE = YES;
				CLANG_WARN__DUPLICATE_METHOD_MATCH = YES;
				"CODE_SIGN_IDENTITY[sdk=iphoneos*]" = "iPhone Developer";
				COPY_PHASE_STRIP = NO;
				DEBUG_INFORMATION_FORMAT = dwarf;
				ENABLE_STRICT_OBJC_MSGSEND = YES;
				ENABLE_TESTABILITY = YES;
				GCC_C_LANGUAGE_STANDARD = gnu99;
				GCC_DYNAMIC_NO_PIC = NO;
				GCC_NO_COMMON_BLOCKS = YES;
				GCC_OPTIMIZATION_LEVEL = 0;
				GCC_PREPROCESSOR_DEFINITIONS = (
					"DEBUG=1",
					"$(inherited)",
				);
				GCC_WARN_64_TO_32_BIT_CONVERSION = YES;
				GCC_WARN_ABOUT_RETURN_TYPE = YES_ERROR;
				GCC_WARN_UNDECLARED_SELECTOR = YES;
				GCC_WARN_UNINITIALIZED_AUTOS = YES_AGGRESSIVE;
				GCC_WARN_UNUSED_FUNCTION = YES;
				GCC_WARN_UNUSED_VARIABLE = YES;
				IPHONEOS_DEPLOYMENT_TARGET = 9.0;
				MTL_ENABLE_DEBUG_INFO = YES;
				ONLY_ACTIVE_ARCH = YES;
				SDKROOT = iphoneos;
				SWIFT_OPTIMIZATION_LEVEL = "-Onone";
			};
			name = Debug;
		};
		238C76FE1BAE58F900379DEE /* Release */ = {
			isa = XCBuildConfiguration;
			buildSettings = {
				ALWAYS_SEARCH_USER_PATHS = NO;
				CLANG_CXX_LANGUAGE_STANDARD = "gnu++0x";
				CLANG_CXX_LIBRARY = "libc++";
				CLANG_ENABLE_MODULES = YES;
				CLANG_ENABLE_OBJC_ARC = YES;
				CLANG_WARN_BOOL_CONVERSION = YES;
				CLANG_WARN_CONSTANT_CONVERSION = YES;
				CLANG_WARN_DIRECT_OBJC_ISA_USAGE = YES_ERROR;
				CLANG_WARN_EMPTY_BODY = YES;
				CLANG_WARN_ENUM_CONVERSION = YES;
				CLANG_WARN_INT_CONVERSION = YES;
				CLANG_WARN_OBJC_ROOT_CLASS = YES_ERROR;
				CLANG_WARN_UNREACHABLE_CODE = YES;
				CLANG_WARN__DUPLICATE_METHOD_MATCH = YES;
				"CODE_SIGN_IDENTITY[sdk=iphoneos*]" = "iPhone Developer";
				COPY_PHASE_STRIP = NO;
				DEBUG_INFORMATION_FORMAT = "dwarf-with-dsym";
				ENABLE_NS_ASSERTIONS = NO;
				ENABLE_STRICT_OBJC_MSGSEND = YES;
				GCC_C_LANGUAGE_STANDARD = gnu99;
				GCC_NO_COMMON_BLOCKS = YES;
				GCC_WARN_64_TO_32_BIT_CONVERSION = YES;
				GCC_WARN_ABOUT_RETURN_TYPE = YES_ERROR;
				GCC_WARN_UNDECLARED_SELECTOR = YES;
				GCC_WARN_UNINITIALIZED_AUTOS = YES_AGGRESSIVE;
				GCC_WARN_UNUSED_FUNCTION = YES;
				GCC_WARN_UNUSED_VARIABLE = YES;
				IPHONEOS_DEPLOYMENT_TARGET = 9.0;
				MTL_ENABLE_DEBUG_INFO = NO;
				SDKROOT = iphoneos;
				VALIDATE_PRODUCT = YES;
			};
			name = Release;
		};
		238C77001BAE58F900379DEE /* Debug */ = {
			isa = XCBuildConfiguration;
			buildSettings = {
				ASSETCATALOG_COMPILER_APPICON_NAME = AppIcon;
				INFOPLIST_FILE = "Is It Prime/Info.plist";
				LD_RUNPATH_SEARCH_PATHS = "$(inherited) @executable_path/Frameworks";
				PRODUCT_BUNDLE_IDENTIFIER = "com.JakeDawkins.Is-It-Prime";
				PRODUCT_NAME = "$(TARGET_NAME)";
			};
			name = Debug;
		};
		238C77011BAE58F900379DEE /* Release */ = {
			isa = XCBuildConfiguration;
			buildSettings = {
				ASSETCATALOG_COMPILER_APPICON_NAME = AppIcon;
				INFOPLIST_FILE = "Is It Prime/Info.plist";
				LD_RUNPATH_SEARCH_PATHS = "$(inherited) @executable_path/Frameworks";
				PRODUCT_BUNDLE_IDENTIFIER = "com.JakeDawkins.Is-It-Prime";
				PRODUCT_NAME = "$(TARGET_NAME)";
			};
			name = Release;
		};
		238C77031BAE58F900379DEE /* Debug */ = {
			isa = XCBuildConfiguration;
			buildSettings = {
				BUNDLE_LOADER = "$(TEST_HOST)";
				INFOPLIST_FILE = "Is It PrimeTests/Info.plist";
				LD_RUNPATH_SEARCH_PATHS = "$(inherited) @executable_path/Frameworks @loader_path/Frameworks";
				PRODUCT_BUNDLE_IDENTIFIER = "com.JakeDawkins.Is-It-PrimeTests";
				PRODUCT_NAME = "$(TARGET_NAME)";
				TEST_HOST = "$(BUILT_PRODUCTS_DIR)/Is It Prime.app/Is It Prime";
			};
			name = Debug;
		};
		238C77041BAE58F900379DEE /* Release */ = {
			isa = XCBuildConfiguration;
			buildSettings = {
				BUNDLE_LOADER = "$(TEST_HOST)";
				INFOPLIST_FILE = "Is It PrimeTests/Info.plist";
				LD_RUNPATH_SEARCH_PATHS = "$(inherited) @executable_path/Frameworks @loader_path/Frameworks";
				PRODUCT_BUNDLE_IDENTIFIER = "com.JakeDawkins.Is-It-PrimeTests";
				PRODUCT_NAME = "$(TARGET_NAME)";
				TEST_HOST = "$(BUILT_PRODUCTS_DIR)/Is It Prime.app/Is It Prime";
			};
			name = Release;
		};
		238C77061BAE58F900379DEE /* Debug */ = {
			isa = XCBuildConfiguration;
			buildSettings = {
				INFOPLIST_FILE = "Is It PrimeUITests/Info.plist";
				LD_RUNPATH_SEARCH_PATHS = "$(inherited) @executable_path/Frameworks @loader_path/Frameworks";
				PRODUCT_BUNDLE_IDENTIFIER = "com.JakeDawkins.Is-It-PrimeUITests";
				PRODUCT_NAME = "$(TARGET_NAME)";
				TEST_TARGET_NAME = "Is It Prime";
				USES_XCTRUNNER = YES;
			};
			name = Debug;
		};
		238C77071BAE58F900379DEE /* Release */ = {
			isa = XCBuildConfiguration;
			buildSettings = {
				INFOPLIST_FILE = "Is It PrimeUITests/Info.plist";
				LD_RUNPATH_SEARCH_PATHS = "$(inherited) @executable_path/Frameworks @loader_path/Frameworks";
				PRODUCT_BUNDLE_IDENTIFIER = "com.JakeDawkins.Is-It-PrimeUITests";
				PRODUCT_NAME = "$(TARGET_NAME)";
				TEST_TARGET_NAME = "Is It Prime";
				USES_XCTRUNNER = YES;
			};
			name = Release;
		};
/* End XCBuildConfiguration section */

/* Begin XCConfigurationList section */
		238C76D21BAE58F900379DEE /* Build configuration list for PBXProject "Is It Prime" */ = {
			isa = XCConfigurationList;
			buildConfigurations = (
				238C76FD1BAE58F900379DEE /* Debug */,
				238C76FE1BAE58F900379DEE /* Release */,
			);
			defaultConfigurationIsVisible = 0;
			defaultConfigurationName = Release;
		};
		238C76FF1BAE58F900379DEE /* Build configuration list for PBXNativeTarget "Is It Prime" */ = {
			isa = XCConfigurationList;
			buildConfigurations = (
				238C77001BAE58F900379DEE /* Debug */,
				238C77011BAE58F900379DEE /* Release */,
			);
			defaultConfigurationIsVisible = 0;
		};
		238C77021BAE58F900379DEE /* Build configuration list for PBXNativeTarget "Is It PrimeTests" */ = {
			isa = XCConfigurationList;
			buildConfigurations = (
				238C77031BAE58F900379DEE /* Debug */,
				238C77041BAE58F900379DEE /* Release */,
			);
			defaultConfigurationIsVisible = 0;
		};
		238C77051BAE58F900379DEE /* Build configuration list for PBXNativeTarget "Is It PrimeUITests" */ = {
			isa = XCConfigurationList;
			buildConfigurations = (
				238C77061BAE58F900379DEE /* Debug */,
				238C77071BAE58F900379DEE /* Release */,
			);
			defaultConfigurationIsVisible = 0;
		};
/* End XCConfigurationList section */
	};
	rootObject = 238C76CF1BAE58F900379DEE /* Project object */;
}
